#MicroXplorer Configuration settings - do not modify
File.Version=6
KeepUserPlacement=false
Mcu.CPN=STM32F730V8T6
Mcu.Family=STM32F7
Mcu.IP0=CORTEX_M7
Mcu.IP1=FMC
Mcu.IP2=NVIC
Mcu.IP3=RCC
Mcu.IP4=SYS
Mcu.IPNb=5
Mcu.Name=STM32F730V8Tx
Mcu.Package=LQFP100
Mcu.Pin0=PB0
Mcu.Pin1=PE7
Mcu.Pin10=PB11
Mcu.Pin11=PD8
Mcu.Pin12=PD9
Mcu.Pin13=PD10
Mcu.Pin14=PD11
Mcu.Pin15=PD14
Mcu.Pin16=PD15
Mcu.Pin17=PD0
Mcu.Pin18=PD1
Mcu.Pin19=PD4
Mcu.Pin2=PE8
Mcu.Pin20=PD5
Mcu.Pin21=PD7
Mcu.Pin22=PB4
Mcu.Pin23=PE0
Mcu.Pin24=PE1
Mcu.Pin25=VP_SYS_VS_Systick
Mcu.Pin3=PE9
Mcu.Pin4=PE10
Mcu.Pin5=PE11
Mcu.Pin6=PE12
Mcu.Pin7=PE13
Mcu.Pin8=PE14
Mcu.Pin9=PE15
Mcu.PinsNb=26
Mcu.ThirdPartyNb=0
Mcu.UserConstants=
Mcu.UserName=STM32F730V8Tx
MxCube.Version=6.5.0
MxDb.Version=DB.6.0.50
NVIC.BusFault_IRQn=true\:0\:0\:false\:false\:true\:false\:false\:true
NVIC.DebugMonitor_IRQn=true\:0\:0\:false\:false\:true\:false\:false\:true
NVIC.ForceEnableDMAVector=true
NVIC.HardFault_IRQn=true\:0\:0\:false\:false\:true\:false\:false\:true
NVIC.MemoryManagement_IRQn=true\:0\:0\:false\:false\:true\:false\:false\:true
NVIC.NonMaskableInt_IRQn=true\:0\:0\:false\:false\:true\:false\:false\:true
NVIC.PendSV_IRQn=true\:0\:0\:false\:false\:true\:false\:false\:true
NVIC.PriorityGroup=NVIC_PRIORITYGROUP_4
NVIC.SVCall_IRQn=true\:0\:0\:false\:false\:true\:false\:false\:true
NVIC.SysTick_IRQn=true\:15\:0\:false\:false\:true\:false\:true\:true
NVIC.UsageFault_IRQn=true\:0\:0\:false\:false\:true\:false\:false\:true
PB0.Locked=true
PB0.Signal=GPIO_Output
PB11.Locked=true
PB11.Signal=GPIO_Output
PB4.Locked=true
PB4.Signal=GPIO_Output
PD0.Mode=16b-d1
PD0.Signal=FMC_D2
PD1.Mode=16b-d1
PD1.Signal=FMC_D3
PD10.Mode=16b-d1
PD10.Signal=FMC_D15
PD11.Mode=A16_1
PD11.Signal=FMC_A16
PD14.Mode=16b-d1
PD14.Signal=FMC_D0
PD15.Mode=16b-d1
PD15.Signal=FMC_D1
PD4.Mode=Lcd1
PD4.Signal=FMC_NOE
PD5.Mode=Lcd1
PD5.Signal=FMC_NWE
PD7.Mode=NorPsramChipSelect1_1
PD7.Signal=FMC_NE1
PD8.Mode=16b-d1
PD8.Signal=FMC_D13
PD9.Mode=16b-d1
PD9.Signal=FMC_D14
PE0.Locked=true
PE0.Signal=GPIO_Output
PE1.GPIOParameters=GPIO_Label
PE1.GPIO_Label=FMC_RESET
PE1.Locked=true
PE1.Signal=GPIO_Output
PE10.Mode=16b-d1
PE10.Signal=FMC_D7
PE11.Mode=16b-d1
PE11.Signal=FMC_D8
PE12.Mode=16b-d1
PE12.Signal=FMC_D9
PE13.Mode=16b-d1
PE13.Signal=FMC_D10
PE14.Mode=16b-d1
PE14.Signal=FMC_D11
PE15.Mode=16b-d1
PE15.Signal=FMC_D12
PE7.Mode=16b-d1
PE7.Signal=FMC_D4
PE8.Mode=16b-d1
PE8.Signal=FMC_D5
PE9.Mode=16b-d1
PE9.Signal=FMC_D6
PinOutPanel.RotationAngle=0
ProjectManager.AskForMigrate=true
ProjectManager.BackupPrevious=false
ProjectManager.CompilerOptimize=6
ProjectManager.ComputerToolchain=false
ProjectManager.CoupleFile=false
ProjectManager.CustomerFirmwarePackage=
ProjectManager.DefaultFWLocation=true
ProjectManager.DeletePrevious=true
ProjectManager.DeviceId=STM32F730V8Tx
ProjectManager.FirmwarePackage=STM32Cube FW_F7 V1.16.2
ProjectManager.FreePins=false
ProjectManager.HalAssertFull=false
ProjectManager.HeapSize=0x200
ProjectManager.KeepUserCode=true
ProjectManager.LastFirmware=true
ProjectManager.LibraryCopy=1
ProjectManager.MainLocation=Core/Src
ProjectManager.NoMain=false
ProjectManager.PreviousToolchain=
ProjectManager.ProjectBuild=false
ProjectManager.ProjectFileName=SakuraOS.ioc
ProjectManager.ProjectName=SakuraOS
ProjectManager.RegisterCallBack=
ProjectManager.StackSize=0x400
ProjectManager.TargetToolchain=STM32CubeIDE
ProjectManager.ToolChainLocation=
ProjectManager.UnderRoot=true
ProjectManager.functionlistsort=1-SystemClock_Config-RCC-false-HAL-false,2-MX_GPIO_Init-GPIO-false-HAL-true,3-MX_FMC_Init-FMC-false-HAL-true,0-MX_CORTEX_M7_Init-CORTEX_M7-false-HAL-true
RCC.FamilyName=M
RCC.HSE_VALUE=25000000
RCC.HSI_VALUE=16000000
RCC.I2SFreq_Value=96000000
RCC.IPParameters=FamilyName,HSE_VALUE,HSI_VALUE,I2SFreq_Value,LSE_VALUE,LSI_VALUE,PLLCLKFreq_Value,PLLI2SQCLKFreq_Value,PLLI2SRCLKFreq_Value,PLLQCLKFreq_Value,PLLSAIPCLKFreq_Value,PLLSAIQCLKFreq_Value,PLLSAIoutputFreq_Value,RNGFreq_Value,SAI1Freq_Value,SAI2Freq_Value,SDMMC2Freq_Value,SDMMCFreq_Value,USBFreq_Value,VCOI2SOutputFreq_Value,VCOInputFreq_Value,VCOOutputFreq_Value,VCOSAIOutputFreq_Value
RCC.LSE_VALUE=32768
RCC.LSI_VALUE=32000
RCC.PLLCLKFreq_Value=96000000
RCC.PLLI2SQCLKFreq_Value=96000000
RCC.PLLI2SRCLKFreq_Value=96000000
RCC.PLLQCLKFreq_Value=96000000
RCC.PLLSAIPCLKFreq_Value=96000000
RCC.PLLSAIQCLKFreq_Value=96000000
RCC.PLLSAIoutputFreq_Value=96000000
RCC.RNGFreq_Value=96000000
RCC.SAI1Freq_Value=96000000
RCC.SAI2Freq_Value=96000000
RCC.SDMMC2Freq_Value=16000000
RCC.SDMMCFreq_Value=16000000
RCC.USBFreq_Value=96000000
RCC.VCOI2SOutputFreq_Value=192000000
RCC.VCOInputFreq_Value=1000000
RCC.VCOOutputFreq_Value=192000000
RCC.VCOSAIOutputFreq_Value=192000000
VP_SYS_VS_Systick.Mode=SysTick
VP_SYS_VS_Systick.Signal=SYS_VS_Systick
board=custom
isbadioc=false
